
Microsoft Visual Studio Solution File, Format Version 12.00
# Visual Studio 15
VisualStudioVersion = 15.0.28307.438
MinimumVisualStudioVersion = 10.0.40219.1
Project("{151D2E53-A2C4-4D7D-83FE-D05416EBD58E}") = "AzureResourceGroup6", "AzureResourceGroup6\AzureResourceGroup6.deployproj", "{0923FB25-6958-437F-97B4-5BD258A257D3}"
EndProject
Global
	GlobalSection(SolutionConfigurationPlatforms) = preSolution
		Debug|Any CPU = Debug|Any CPU
		Release|Any CPU = Release|Any CPU
	EndGlobalSection
	GlobalSection(ProjectConfigurationPlatforms) = postSolution
		{0923FB25-6958-437F-97B4-5BD258A257D3}.Debug|Any CPU.ActiveCfg = Debug|Any CPU
		{0923FB25-6958-437F-97B4-5BD258A257D3}.Debug|Any CPU.Build.0 = Debug|Any CPU
		{0923FB25-6958-437F-97B4-5BD258A257D3}.Release|Any CPU.ActiveCfg = Release|Any CPU
		{0923FB25-6958-437F-97B4-5BD258A257D3}.Release|Any CPU.Build.0 = Release|Any CPU
	EndGlobalSection
	GlobalSection(SolutionProperties) = preSolution
		HideSolutionNode = FALSE
	EndGlobalSection
	GlobalSection(ExtensibilityGlobals) = postSolution
		SolutionGuid = {78D016EE-6DBC-45E8-91E8-7C8DAC83C22E}
	EndGlobalSection
EndGlobal
