
Microsoft Visual Studio Solution File, Format Version 12.00
# Visual Studio 15
VisualStudioVersion = 15.0.28307.438
MinimumVisualStudioVersion = 10.0.40219.1
Project("{151D2E53-A2C4-4D7D-83FE-D05416EBD58E}") = "Task6", "Task6\Task6.deployproj", "{A693F045-1433-400A-B747-A7578862A68C}"
EndProject
Global
	GlobalSection(SolutionConfigurationPlatforms) = preSolution
		Debug|Any CPU = Debug|Any CPU
		Release|Any CPU = Release|Any CPU
	EndGlobalSection
	GlobalSection(ProjectConfigurationPlatforms) = postSolution
		{A693F045-1433-400A-B747-A7578862A68C}.Debug|Any CPU.ActiveCfg = Debug|Any CPU
		{A693F045-1433-400A-B747-A7578862A68C}.Debug|Any CPU.Build.0 = Debug|Any CPU
		{A693F045-1433-400A-B747-A7578862A68C}.Release|Any CPU.ActiveCfg = Release|Any CPU
		{A693F045-1433-400A-B747-A7578862A68C}.Release|Any CPU.Build.0 = Release|Any CPU
	EndGlobalSection
	GlobalSection(SolutionProperties) = preSolution
		HideSolutionNode = FALSE
	EndGlobalSection
	GlobalSection(ExtensibilityGlobals) = postSolution
		SolutionGuid = {070045B3-2A15-4364-94EE-FDEE01F1D2A6}
	EndGlobalSection
EndGlobal
